<Solution>
  <Project Path="SyncAudio.AppHost/SyncAudio.AppHost.csproj" />
  <Project Path="SyncAudio.Core/SyncAudio.Core.csproj" />
  <Project Path="SyncAudio.Client/SyncAudio.Client.csproj" />
  <Project Path="SyncAudio.ServiceDefaults/SyncAudio.ServiceDefaults.csproj" />
  <Project Path="SyncAudio.Tests/SyncAudio.Tests.csproj" />
</Solution>
